
Microsoft Visual Studio Solution File, Format Version 12.00
# Visual Studio Version 16
VisualStudioVersion = 16.0.31624.102
MinimumVisualStudioVersion = 10.0.40219.1
Project("{FAE04EC0-301F-11D3-BF4B-00C04F79EFBC}") = "fibseqdeliverable", "fibseqdeliverable.csproj", "{A53C5075-3983-439E-A54A-7D28AAF41859}"
EndProject
Global
	GlobalSection(SolutionConfigurationPlatforms) = preSolution
		Debug|Any CPU = Debug|Any CPU
		Release|Any CPU = Release|Any CPU
	EndGlobalSection
	GlobalSection(ProjectConfigurationPlatforms) = postSolution
		{A53C5075-3983-439E-A54A-7D28AAF41859}.Debug|Any CPU.ActiveCfg = Debug|Any CPU
		{A53C5075-3983-439E-A54A-7D28AAF41859}.Debug|Any CPU.Build.0 = Debug|Any CPU
		{A53C5075-3983-439E-A54A-7D28AAF41859}.Release|Any CPU.ActiveCfg = Release|Any CPU
		{A53C5075-3983-439E-A54A-7D28AAF41859}.Release|Any CPU.Build.0 = Release|Any CPU
	EndGlobalSection
	GlobalSection(SolutionProperties) = preSolution
		HideSolutionNode = FALSE
	EndGlobalSection
	GlobalSection(ExtensibilityGlobals) = postSolution
		SolutionGuid = {3A1AA54D-70B4-4B04-8696-BAD053E3C8B7}
	EndGlobalSection
EndGlobal
